
Microsoft Visual Studio Solution File, Format Version 12.00
# Visual Studio Version 17
VisualStudioVersion = 17.0.31912.275
MinimumVisualStudioVersion = 15.0.26124.0
Project("{9A19103F-16F7-4668-BE54-9A1E7A4F7556}") = "PrincipleStudios.OpenApiCodegen.Server.Mvc", "generators\dotnetcore-server-interfaces\PrincipleStudios.OpenApiCodegen.Server.Mvc\PrincipleStudios.OpenApiCodegen.Server.Mvc.csproj", "{62DE31B8-C290-4005-91A5-EC91F276DCC5}"
EndProject
Project("{2150E333-8FDC-42A3-9474-1A3956D46DE8}") = "Solution Items", "Solution Items", "{D2200E3D-74EF-46B0-90B8-A2042FDA416F}"
	ProjectSection(SolutionItems) = preProject
		Directory.Build.local.props = Directory.Build.local.props
		Directory.Build.props = Directory.Build.props
	EndProjectSection
EndProject
Project("{9A19103F-16F7-4668-BE54-9A1E7A4F7556}") = "PrincipleStudios.OpenApiCodegen.Server.Mvc.Test", "lib\PrincipleStudios.OpenApiCodegen.Server.Mvc.Test\PrincipleStudios.OpenApiCodegen.Server.Mvc.Test.csproj", "{DC8A6FFA-DD3A-4B33-800E-CD8D9166A58D}"
EndProject
Project("{9A19103F-16F7-4668-BE54-9A1E7A4F7556}") = "PrincipleStudios.OpenApiCodegen.Server.Mvc.Roslyn3.11", "generators\dotnetcore-server-interfaces\PrincipleStudios.OpenApiCodegen.Server.Mvc.Analyzers\PrincipleStudios.OpenApiCodegen.Server.Mvc.Roslyn3.11.csproj", "{9946C7BF-F669-48A1-AAF8-17ED1EC44C6F}"
EndProject
Project("{2150E333-8FDC-42A3-9474-1A3956D46DE8}") = "Server.Mvc", "Server.Mvc", "{C800B3FC-9890-4858-B2F3-4DA9B6957415}"
EndProject
Project("{2150E333-8FDC-42A3-9474-1A3956D46DE8}") = "Client.TypeScriptRxJs", "Client.TypeScriptRxJs", "{6425AC08-57C0-4453-A78A-537E9514CE7B}"
EndProject
Project("{9A19103F-16F7-4668-BE54-9A1E7A4F7556}") = "PrincipleStudios.OpenApiCodegen.Client.TypeScript", "generators\typescript\PrincipleStudios.OpenApiCodegen.Client.TypeScript\PrincipleStudios.OpenApiCodegen.Client.TypeScript.csproj", "{C0E47301-8CB1-44F6-8321-BCB9C09219BB}"
EndProject
Project("{9A19103F-16F7-4668-BE54-9A1E7A4F7556}") = "PrincipleStudios.OpenApiCodegen.Client.TypeScript.Test", "lib\PrincipleStudios.OpenApiCodegen.Client.TypeScript.Test\PrincipleStudios.OpenApiCodegen.Client.TypeScript.Test.csproj", "{7F4E8BD3-E0B2-44B0-B175-40852137E928}"
EndProject
Project("{2150E333-8FDC-42A3-9474-1A3956D46DE8}") = "Client.CSharp", "Client.CSharp", "{BFF7FB51-DB27-4E46-B575-DDD11430DE8C}"
EndProject
Project("{9A19103F-16F7-4668-BE54-9A1E7A4F7556}") = "PrincipleStudios.OpenApiCodegen.Client.Roslyn3.11", "generators\dotnetstandard-client\PrincipleStudios.OpenApiCodegen.Client.Analyzers\PrincipleStudios.OpenApiCodegen.Client.Roslyn3.11.csproj", "{6280AE1B-7534-4450-A502-2657D3B1F5D4}"
EndProject
Project("{9A19103F-16F7-4668-BE54-9A1E7A4F7556}") = "PrincipleStudios.OpenApiCodegen.Client.CSharp.Test", "lib\PrincipleStudios.OpenApiCodegen.Client.CSharp.Test\PrincipleStudios.OpenApiCodegen.Client.CSharp.Test.csproj", "{ADC3DB9C-888A-483E-A146-00683CDC4698}"
EndProject
Project("{9A19103F-16F7-4668-BE54-9A1E7A4F7556}") = "PrincipleStudios.OpenApiCodegen.Client", "generators\dotnetstandard-client\PrincipleStudios.OpenApiCodegen.Client\PrincipleStudios.OpenApiCodegen.Client.csproj", "{4CA8F765-D7CC-44DD-B752-F5A38FFAD977}"
EndProject
Project("{9A19103F-16F7-4668-BE54-9A1E7A4F7556}") = "PrincipleStudios.OpenApiCodegen.TestUtils", "lib\PrincipleStudios.OpenApiCodegen.TestUtils\PrincipleStudios.OpenApiCodegen.TestUtils.csproj", "{31AF9FE6-B031-4080-9F11-BBBEAE1A8C0D}"
EndProject
Project("{2150E333-8FDC-42A3-9474-1A3956D46DE8}") = "lib", "lib", "{AAC9998B-F9AF-4096-92CB-81914E85BE56}"
EndProject
Project("{9A19103F-16F7-4668-BE54-9A1E7A4F7556}") = "PrincipleStudios.OpenApi.Transformations", "lib\PrincipleStudios.OpenApi.Transformations\PrincipleStudios.OpenApi.Transformations.csproj", "{61FF4A9C-3FAF-4DD2-BE92-233B894758F9}"
EndProject
Project("{9A19103F-16F7-4668-BE54-9A1E7A4F7556}") = "PrincipleStudios.OpenApi.CSharp", "lib\PrincipleStudios.OpenApi.CSharp\PrincipleStudios.OpenApi.CSharp.csproj", "{3FF0B60D-AEEB-401F-BB97-51D42EFE7D55}"
EndProject
Project("{9A19103F-16F7-4668-BE54-9A1E7A4F7556}") = "PrincipleStudios.OpenApi.TypeScript", "lib\PrincipleStudios.OpenApi.TypeScript\PrincipleStudios.OpenApi.TypeScript.csproj", "{91FFC178-D772-4C7A-BC98-E23BAA4D9B09}"
EndProject
Project("{9A19103F-16F7-4668-BE54-9A1E7A4F7556}") = "PrincipleStudios.OpenApiCodegen.Server.Mvc.Roslyn4.0", "generators\dotnetcore-server-interfaces\PrincipleStudios.OpenApiCodegen.Server.Mvc.Analyzers\PrincipleStudios.OpenApiCodegen.Server.Mvc.Roslyn4.0.csproj", "{9623E35A-E80B-4643-B867-071C072A6EE7}"
EndProject
Project("{9A19103F-16F7-4668-BE54-9A1E7A4F7556}") = "PrincipleStudios.OpenApiCodegen.Client.Roslyn4.0", "generators\dotnetstandard-client\PrincipleStudios.OpenApiCodegen.Client.Analyzers\PrincipleStudios.OpenApiCodegen.Client.Roslyn4.0.csproj", "{C724EA82-3A7D-4171-957D-7CF998B6B4EF}"
EndProject
Global
	GlobalSection(SolutionConfigurationPlatforms) = preSolution
		Debug|Any CPU = Debug|Any CPU
		Debug|x64 = Debug|x64
		Debug|x86 = Debug|x86
		Release|Any CPU = Release|Any CPU
		Release|x64 = Release|x64
		Release|x86 = Release|x86
	EndGlobalSection
	GlobalSection(ProjectConfigurationPlatforms) = postSolution
		{62DE31B8-C290-4005-91A5-EC91F276DCC5}.Debug|Any CPU.ActiveCfg = Debug|Any CPU
		{62DE31B8-C290-4005-91A5-EC91F276DCC5}.Debug|Any CPU.Build.0 = Debug|Any CPU
		{62DE31B8-C290-4005-91A5-EC91F276DCC5}.Debug|x64.ActiveCfg = Debug|Any CPU
		{62DE31B8-C290-4005-91A5-EC91F276DCC5}.Debug|x64.Build.0 = Debug|Any CPU
		{62DE31B8-C290-4005-91A5-EC91F276DCC5}.Debug|x86.ActiveCfg = Debug|Any CPU
		{62DE31B8-C290-4005-91A5-EC91F276DCC5}.Debug|x86.Build.0 = Debug|Any CPU
		{62DE31B8-C290-4005-91A5-EC91F276DCC5}.Release|Any CPU.ActiveCfg = Release|Any CPU
		{62DE31B8-C290-4005-91A5-EC91F276DCC5}.Release|Any CPU.Build.0 = Release|Any CPU
		{62DE31B8-C290-4005-91A5-EC91F276DCC5}.Release|x64.ActiveCfg = Release|Any CPU
		{62DE31B8-C290-4005-91A5-EC91F276DCC5}.Release|x64.Build.0 = Release|Any CPU
		{62DE31B8-C290-4005-91A5-EC91F276DCC5}.Release|x86.ActiveCfg = Release|Any CPU
		{62DE31B8-C290-4005-91A5-EC91F276DCC5}.Release|x86.Build.0 = Release|Any CPU
		{DC8A6FFA-DD3A-4B33-800E-CD8D9166A58D}.Debug|Any CPU.ActiveCfg = Debug|Any CPU
		{DC8A6FFA-DD3A-4B33-800E-CD8D9166A58D}.Debug|Any CPU.Build.0 = Debug|Any CPU
		{DC8A6FFA-DD3A-4B33-800E-CD8D9166A58D}.Debug|x64.ActiveCfg = Debug|Any CPU
		{DC8A6FFA-DD3A-4B33-800E-CD8D9166A58D}.Debug|x64.Build.0 = Debug|Any CPU
		{DC8A6FFA-DD3A-4B33-800E-CD8D9166A58D}.Debug|x86.ActiveCfg = Debug|Any CPU
		{DC8A6FFA-DD3A-4B33-800E-CD8D9166A58D}.Debug|x86.Build.0 = Debug|Any CPU
		{DC8A6FFA-DD3A-4B33-800E-CD8D9166A58D}.Release|Any CPU.ActiveCfg = Release|Any CPU
		{DC8A6FFA-DD3A-4B33-800E-CD8D9166A58D}.Release|Any CPU.Build.0 = Release|Any CPU
		{DC8A6FFA-DD3A-4B33-800E-CD8D9166A58D}.Release|x64.ActiveCfg = Release|Any CPU
		{DC8A6FFA-DD3A-4B33-800E-CD8D9166A58D}.Release|x64.Build.0 = Release|Any CPU
		{DC8A6FFA-DD3A-4B33-800E-CD8D9166A58D}.Release|x86.ActiveCfg = Release|Any CPU
		{DC8A6FFA-DD3A-4B33-800E-CD8D9166A58D}.Release|x86.Build.0 = Release|Any CPU
		{9946C7BF-F669-48A1-AAF8-17ED1EC44C6F}.Debug|Any CPU.ActiveCfg = Debug|Any CPU
		{9946C7BF-F669-48A1-AAF8-17ED1EC44C6F}.Debug|Any CPU.Build.0 = Debug|Any CPU
		{9946C7BF-F669-48A1-AAF8-17ED1EC44C6F}.Debug|x64.ActiveCfg = Debug|Any CPU
		{9946C7BF-F669-48A1-AAF8-17ED1EC44C6F}.Debug|x64.Build.0 = Debug|Any CPU
		{9946C7BF-F669-48A1-AAF8-17ED1EC44C6F}.Debug|x86.ActiveCfg = Debug|Any CPU
		{9946C7BF-F669-48A1-AAF8-17ED1EC44C6F}.Debug|x86.Build.0 = Debug|Any CPU
		{9946C7BF-F669-48A1-AAF8-17ED1EC44C6F}.Release|Any CPU.ActiveCfg = Release|Any CPU
		{9946C7BF-F669-48A1-AAF8-17ED1EC44C6F}.Release|Any CPU.Build.0 = Release|Any CPU
		{9946C7BF-F669-48A1-AAF8-17ED1EC44C6F}.Release|x64.ActiveCfg = Release|Any CPU
		{9946C7BF-F669-48A1-AAF8-17ED1EC44C6F}.Release|x64.Build.0 = Release|Any CPU
		{9946C7BF-F669-48A1-AAF8-17ED1EC44C6F}.Release|x86.ActiveCfg = Release|Any CPU
		{9946C7BF-F669-48A1-AAF8-17ED1EC44C6F}.Release|x86.Build.0 = Release|Any CPU
		{C0E47301-8CB1-44F6-8321-BCB9C09219BB}.Debug|Any CPU.ActiveCfg = Debug|Any CPU
		{C0E47301-8CB1-44F6-8321-BCB9C09219BB}.Debug|Any CPU.Build.0 = Debug|Any CPU
		{C0E47301-8CB1-44F6-8321-BCB9C09219BB}.Debug|x64.ActiveCfg = Debug|Any CPU
		{C0E47301-8CB1-44F6-8321-BCB9C09219BB}.Debug|x64.Build.0 = Debug|Any CPU
		{C0E47301-8CB1-44F6-8321-BCB9C09219BB}.Debug|x86.ActiveCfg = Debug|Any CPU
		{C0E47301-8CB1-44F6-8321-BCB9C09219BB}.Debug|x86.Build.0 = Debug|Any CPU
		{C0E47301-8CB1-44F6-8321-BCB9C09219BB}.Release|Any CPU.ActiveCfg = Release|Any CPU
		{C0E47301-8CB1-44F6-8321-BCB9C09219BB}.Release|Any CPU.Build.0 = Release|Any CPU
		{C0E47301-8CB1-44F6-8321-BCB9C09219BB}.Release|x64.ActiveCfg = Release|Any CPU
		{C0E47301-8CB1-44F6-8321-BCB9C09219BB}.Release|x64.Build.0 = Release|Any CPU
		{C0E47301-8CB1-44F6-8321-BCB9C09219BB}.Release|x86.ActiveCfg = Release|Any CPU
		{C0E47301-8CB1-44F6-8321-BCB9C09219BB}.Release|x86.Build.0 = Release|Any CPU
		{7F4E8BD3-E0B2-44B0-B175-40852137E928}.Debug|Any CPU.ActiveCfg = Debug|Any CPU
		{7F4E8BD3-E0B2-44B0-B175-40852137E928}.Debug|Any CPU.Build.0 = Debug|Any CPU
		{7F4E8BD3-E0B2-44B0-B175-40852137E928}.Debug|x64.ActiveCfg = Debug|Any CPU
		{7F4E8BD3-E0B2-44B0-B175-40852137E928}.Debug|x64.Build.0 = Debug|Any CPU
		{7F4E8BD3-E0B2-44B0-B175-40852137E928}.Debug|x86.ActiveCfg = Debug|Any CPU
		{7F4E8BD3-E0B2-44B0-B175-40852137E928}.Debug|x86.Build.0 = Debug|Any CPU
		{7F4E8BD3-E0B2-44B0-B175-40852137E928}.Release|Any CPU.ActiveCfg = Release|Any CPU
		{7F4E8BD3-E0B2-44B0-B175-40852137E928}.Release|Any CPU.Build.0 = Release|Any CPU
		{7F4E8BD3-E0B2-44B0-B175-40852137E928}.Release|x64.ActiveCfg = Release|Any CPU
		{7F4E8BD3-E0B2-44B0-B175-40852137E928}.Release|x64.Build.0 = Release|Any CPU
		{7F4E8BD3-E0B2-44B0-B175-40852137E928}.Release|x86.ActiveCfg = Release|Any CPU
		{7F4E8BD3-E0B2-44B0-B175-40852137E928}.Release|x86.Build.0 = Release|Any CPU
		{6280AE1B-7534-4450-A502-2657D3B1F5D4}.Debug|Any CPU.ActiveCfg = Debug|Any CPU
		{6280AE1B-7534-4450-A502-2657D3B1F5D4}.Debug|Any CPU.Build.0 = Debug|Any CPU
		{6280AE1B-7534-4450-A502-2657D3B1F5D4}.Debug|x64.ActiveCfg = Debug|Any CPU
		{6280AE1B-7534-4450-A502-2657D3B1F5D4}.Debug|x64.Build.0 = Debug|Any CPU
		{6280AE1B-7534-4450-A502-2657D3B1F5D4}.Debug|x86.ActiveCfg = Debug|Any CPU
		{6280AE1B-7534-4450-A502-2657D3B1F5D4}.Debug|x86.Build.0 = Debug|Any CPU
		{6280AE1B-7534-4450-A502-2657D3B1F5D4}.Release|Any CPU.ActiveCfg = Release|Any CPU
		{6280AE1B-7534-4450-A502-2657D3B1F5D4}.Release|Any CPU.Build.0 = Release|Any CPU
		{6280AE1B-7534-4450-A502-2657D3B1F5D4}.Release|x64.ActiveCfg = Release|Any CPU
		{6280AE1B-7534-4450-A502-2657D3B1F5D4}.Release|x64.Build.0 = Release|Any CPU
		{6280AE1B-7534-4450-A502-2657D3B1F5D4}.Release|x86.ActiveCfg = Release|Any CPU
		{6280AE1B-7534-4450-A502-2657D3B1F5D4}.Release|x86.Build.0 = Release|Any CPU
		{ADC3DB9C-888A-483E-A146-00683CDC4698}.Debug|Any CPU.ActiveCfg = Debug|Any CPU
		{ADC3DB9C-888A-483E-A146-00683CDC4698}.Debug|Any CPU.Build.0 = Debug|Any CPU
		{ADC3DB9C-888A-483E-A146-00683CDC4698}.Debug|x64.ActiveCfg = Debug|Any CPU
		{ADC3DB9C-888A-483E-A146-00683CDC4698}.Debug|x64.Build.0 = Debug|Any CPU
		{ADC3DB9C-888A-483E-A146-00683CDC4698}.Debug|x86.ActiveCfg = Debug|Any CPU
		{ADC3DB9C-888A-483E-A146-00683CDC4698}.Debug|x86.Build.0 = Debug|Any CPU
		{ADC3DB9C-888A-483E-A146-00683CDC4698}.Release|Any CPU.ActiveCfg = Release|Any CPU
		{ADC3DB9C-888A-483E-A146-00683CDC4698}.Release|Any CPU.Build.0 = Release|Any CPU
		{ADC3DB9C-888A-483E-A146-00683CDC4698}.Release|x64.ActiveCfg = Release|Any CPU
		{ADC3DB9C-888A-483E-A146-00683CDC4698}.Release|x64.Build.0 = Release|Any CPU
		{ADC3DB9C-888A-483E-A146-00683CDC4698}.Release|x86.ActiveCfg = Release|Any CPU
		{ADC3DB9C-888A-483E-A146-00683CDC4698}.Release|x86.Build.0 = Release|Any CPU
		{4CA8F765-D7CC-44DD-B752-F5A38FFAD977}.Debug|Any CPU.ActiveCfg = Debug|Any CPU
		{4CA8F765-D7CC-44DD-B752-F5A38FFAD977}.Debug|Any CPU.Build.0 = Debug|Any CPU
		{4CA8F765-D7CC-44DD-B752-F5A38FFAD977}.Debug|x64.ActiveCfg = Debug|Any CPU
		{4CA8F765-D7CC-44DD-B752-F5A38FFAD977}.Debug|x64.Build.0 = Debug|Any CPU
		{4CA8F765-D7CC-44DD-B752-F5A38FFAD977}.Debug|x86.ActiveCfg = Debug|Any CPU
		{4CA8F765-D7CC-44DD-B752-F5A38FFAD977}.Debug|x86.Build.0 = Debug|Any CPU
		{4CA8F765-D7CC-44DD-B752-F5A38FFAD977}.Release|Any CPU.ActiveCfg = Release|Any CPU
		{4CA8F765-D7CC-44DD-B752-F5A38FFAD977}.Release|Any CPU.Build.0 = Release|Any CPU
		{4CA8F765-D7CC-44DD-B752-F5A38FFAD977}.Release|x64.ActiveCfg = Release|Any CPU
		{4CA8F765-D7CC-44DD-B752-F5A38FFAD977}.Release|x64.Build.0 = Release|Any CPU
		{4CA8F765-D7CC-44DD-B752-F5A38FFAD977}.Release|x86.ActiveCfg = Release|Any CPU
		{4CA8F765-D7CC-44DD-B752-F5A38FFAD977}.Release|x86.Build.0 = Release|Any CPU
		{31AF9FE6-B031-4080-9F11-BBBEAE1A8C0D}.Debug|Any CPU.ActiveCfg = Debug|Any CPU
		{31AF9FE6-B031-4080-9F11-BBBEAE1A8C0D}.Debug|Any CPU.Build.0 = Debug|Any CPU
		{31AF9FE6-B031-4080-9F11-BBBEAE1A8C0D}.Debug|x64.ActiveCfg = Debug|Any CPU
		{31AF9FE6-B031-4080-9F11-BBBEAE1A8C0D}.Debug|x64.Build.0 = Debug|Any CPU
		{31AF9FE6-B031-4080-9F11-BBBEAE1A8C0D}.Debug|x86.ActiveCfg = Debug|Any CPU
		{31AF9FE6-B031-4080-9F11-BBBEAE1A8C0D}.Debug|x86.Build.0 = Debug|Any CPU
		{31AF9FE6-B031-4080-9F11-BBBEAE1A8C0D}.Release|Any CPU.ActiveCfg = Release|Any CPU
		{31AF9FE6-B031-4080-9F11-BBBEAE1A8C0D}.Release|Any CPU.Build.0 = Release|Any CPU
		{31AF9FE6-B031-4080-9F11-BBBEAE1A8C0D}.Release|x64.ActiveCfg = Release|Any CPU
		{31AF9FE6-B031-4080-9F11-BBBEAE1A8C0D}.Release|x64.Build.0 = Release|Any CPU
		{31AF9FE6-B031-4080-9F11-BBBEAE1A8C0D}.Release|x86.ActiveCfg = Release|Any CPU
		{31AF9FE6-B031-4080-9F11-BBBEAE1A8C0D}.Release|x86.Build.0 = Release|Any CPU
		{61FF4A9C-3FAF-4DD2-BE92-233B894758F9}.Debug|Any CPU.ActiveCfg = Debug|Any CPU
		{61FF4A9C-3FAF-4DD2-BE92-233B894758F9}.Debug|Any CPU.Build.0 = Debug|Any CPU
		{61FF4A9C-3FAF-4DD2-BE92-233B894758F9}.Debug|x64.ActiveCfg = Debug|Any CPU
		{61FF4A9C-3FAF-4DD2-BE92-233B894758F9}.Debug|x64.Build.0 = Debug|Any CPU
		{61FF4A9C-3FAF-4DD2-BE92-233B894758F9}.Debug|x86.ActiveCfg = Debug|Any CPU
		{61FF4A9C-3FAF-4DD2-BE92-233B894758F9}.Debug|x86.Build.0 = Debug|Any CPU
		{61FF4A9C-3FAF-4DD2-BE92-233B894758F9}.Release|Any CPU.ActiveCfg = Release|Any CPU
		{61FF4A9C-3FAF-4DD2-BE92-233B894758F9}.Release|Any CPU.Build.0 = Release|Any CPU
		{61FF4A9C-3FAF-4DD2-BE92-233B894758F9}.Release|x64.ActiveCfg = Release|Any CPU
		{61FF4A9C-3FAF-4DD2-BE92-233B894758F9}.Release|x64.Build.0 = Release|Any CPU
		{61FF4A9C-3FAF-4DD2-BE92-233B894758F9}.Release|x86.ActiveCfg = Release|Any CPU
		{61FF4A9C-3FAF-4DD2-BE92-233B894758F9}.Release|x86.Build.0 = Release|Any CPU
		{3FF0B60D-AEEB-401F-BB97-51D42EFE7D55}.Debug|Any CPU.ActiveCfg = Debug|Any CPU
		{3FF0B60D-AEEB-401F-BB97-51D42EFE7D55}.Debug|Any CPU.Build.0 = Debug|Any CPU
		{3FF0B60D-AEEB-401F-BB97-51D42EFE7D55}.Debug|x64.ActiveCfg = Debug|Any CPU
		{3FF0B60D-AEEB-401F-BB97-51D42EFE7D55}.Debug|x64.Build.0 = Debug|Any CPU
		{3FF0B60D-AEEB-401F-BB97-51D42EFE7D55}.Debug|x86.ActiveCfg = Debug|Any CPU
		{3FF0B60D-AEEB-401F-BB97-51D42EFE7D55}.Debug|x86.Build.0 = Debug|Any CPU
		{3FF0B60D-AEEB-401F-BB97-51D42EFE7D55}.Release|Any CPU.ActiveCfg = Release|Any CPU
		{3FF0B60D-AEEB-401F-BB97-51D42EFE7D55}.Release|Any CPU.Build.0 = Release|Any CPU
		{3FF0B60D-AEEB-401F-BB97-51D42EFE7D55}.Release|x64.ActiveCfg = Release|Any CPU
		{3FF0B60D-AEEB-401F-BB97-51D42EFE7D55}.Release|x64.Build.0 = Release|Any CPU
		{3FF0B60D-AEEB-401F-BB97-51D42EFE7D55}.Release|x86.ActiveCfg = Release|Any CPU
		{3FF0B60D-AEEB-401F-BB97-51D42EFE7D55}.Release|x86.Build.0 = Release|Any CPU
		{91FFC178-D772-4C7A-BC98-E23BAA4D9B09}.Debug|Any CPU.ActiveCfg = Debug|Any CPU
		{91FFC178-D772-4C7A-BC98-E23BAA4D9B09}.Debug|Any CPU.Build.0 = Debug|Any CPU
		{91FFC178-D772-4C7A-BC98-E23BAA4D9B09}.Debug|x64.ActiveCfg = Debug|Any CPU
		{91FFC178-D772-4C7A-BC98-E23BAA4D9B09}.Debug|x64.Build.0 = Debug|Any CPU
		{91FFC178-D772-4C7A-BC98-E23BAA4D9B09}.Debug|x86.ActiveCfg = Debug|Any CPU
		{91FFC178-D772-4C7A-BC98-E23BAA4D9B09}.Debug|x86.Build.0 = Debug|Any CPU
		{91FFC178-D772-4C7A-BC98-E23BAA4D9B09}.Release|Any CPU.ActiveCfg = Release|Any CPU
		{91FFC178-D772-4C7A-BC98-E23BAA4D9B09}.Release|Any CPU.Build.0 = Release|Any CPU
		{91FFC178-D772-4C7A-BC98-E23BAA4D9B09}.Release|x64.ActiveCfg = Release|Any CPU
		{91FFC178-D772-4C7A-BC98-E23BAA4D9B09}.Release|x64.Build.0 = Release|Any CPU
		{91FFC178-D772-4C7A-BC98-E23BAA4D9B09}.Release|x86.ActiveCfg = Release|Any CPU
		{91FFC178-D772-4C7A-BC98-E23BAA4D9B09}.Release|x86.Build.0 = Release|Any CPU
		{9623E35A-E80B-4643-B867-071C072A6EE7}.Debug|Any CPU.ActiveCfg = Debug|Any CPU
		{9623E35A-E80B-4643-B867-071C072A6EE7}.Debug|Any CPU.Build.0 = Debug|Any CPU
		{9623E35A-E80B-4643-B867-071C072A6EE7}.Debug|x64.ActiveCfg = Debug|Any CPU
		{9623E35A-E80B-4643-B867-071C072A6EE7}.Debug|x64.Build.0 = Debug|Any CPU
		{9623E35A-E80B-4643-B867-071C072A6EE7}.Debug|x86.ActiveCfg = Debug|Any CPU
		{9623E35A-E80B-4643-B867-071C072A6EE7}.Debug|x86.Build.0 = Debug|Any CPU
		{9623E35A-E80B-4643-B867-071C072A6EE7}.Release|Any CPU.ActiveCfg = Release|Any CPU
		{9623E35A-E80B-4643-B867-071C072A6EE7}.Release|Any CPU.Build.0 = Release|Any CPU
		{9623E35A-E80B-4643-B867-071C072A6EE7}.Release|x64.ActiveCfg = Release|Any CPU
		{9623E35A-E80B-4643-B867-071C072A6EE7}.Release|x64.Build.0 = Release|Any CPU
		{9623E35A-E80B-4643-B867-071C072A6EE7}.Release|x86.ActiveCfg = Release|Any CPU
		{9623E35A-E80B-4643-B867-071C072A6EE7}.Release|x86.Build.0 = Release|Any CPU
		{C724EA82-3A7D-4171-957D-7CF998B6B4EF}.Debug|Any CPU.ActiveCfg = Debug|Any CPU
		{C724EA82-3A7D-4171-957D-7CF998B6B4EF}.Debug|Any CPU.Build.0 = Debug|Any CPU
		{C724EA82-3A7D-4171-957D-7CF998B6B4EF}.Debug|x64.ActiveCfg = Debug|Any CPU
		{C724EA82-3A7D-4171-957D-7CF998B6B4EF}.Debug|x64.Build.0 = Debug|Any CPU
		{C724EA82-3A7D-4171-957D-7CF998B6B4EF}.Debug|x86.ActiveCfg = Debug|Any CPU
		{C724EA82-3A7D-4171-957D-7CF998B6B4EF}.Debug|x86.Build.0 = Debug|Any CPU
		{C724EA82-3A7D-4171-957D-7CF998B6B4EF}.Release|Any CPU.ActiveCfg = Release|Any CPU
		{C724EA82-3A7D-4171-957D-7CF998B6B4EF}.Release|Any CPU.Build.0 = Release|Any CPU
		{C724EA82-3A7D-4171-957D-7CF998B6B4EF}.Release|x64.ActiveCfg = Release|Any CPU
		{C724EA82-3A7D-4171-957D-7CF998B6B4EF}.Release|x64.Build.0 = Release|Any CPU
		{C724EA82-3A7D-4171-957D-7CF998B6B4EF}.Release|x86.ActiveCfg = Release|Any CPU
		{C724EA82-3A7D-4171-957D-7CF998B6B4EF}.Release|x86.Build.0 = Release|Any CPU
	EndGlobalSection
	GlobalSection(SolutionProperties) = preSolution
		HideSolutionNode = FALSE
	EndGlobalSection
	GlobalSection(NestedProjects) = preSolution
		{62DE31B8-C290-4005-91A5-EC91F276DCC5} = {C800B3FC-9890-4858-B2F3-4DA9B6957415}
		{DC8A6FFA-DD3A-4B33-800E-CD8D9166A58D} = {C800B3FC-9890-4858-B2F3-4DA9B6957415}
		{9946C7BF-F669-48A1-AAF8-17ED1EC44C6F} = {C800B3FC-9890-4858-B2F3-4DA9B6957415}
		{C0E47301-8CB1-44F6-8321-BCB9C09219BB} = {6425AC08-57C0-4453-A78A-537E9514CE7B}
		{7F4E8BD3-E0B2-44B0-B175-40852137E928} = {6425AC08-57C0-4453-A78A-537E9514CE7B}
		{6280AE1B-7534-4450-A502-2657D3B1F5D4} = {BFF7FB51-DB27-4E46-B575-DDD11430DE8C}
		{ADC3DB9C-888A-483E-A146-00683CDC4698} = {BFF7FB51-DB27-4E46-B575-DDD11430DE8C}
		{4CA8F765-D7CC-44DD-B752-F5A38FFAD977} = {BFF7FB51-DB27-4E46-B575-DDD11430DE8C}
		{61FF4A9C-3FAF-4DD2-BE92-233B894758F9} = {AAC9998B-F9AF-4096-92CB-81914E85BE56}
		{3FF0B60D-AEEB-401F-BB97-51D42EFE7D55} = {AAC9998B-F9AF-4096-92CB-81914E85BE56}
		{91FFC178-D772-4C7A-BC98-E23BAA4D9B09} = {AAC9998B-F9AF-4096-92CB-81914E85BE56}
		{9623E35A-E80B-4643-B867-071C072A6EE7} = {C800B3FC-9890-4858-B2F3-4DA9B6957415}
		{C724EA82-3A7D-4171-957D-7CF998B6B4EF} = {BFF7FB51-DB27-4E46-B575-DDD11430DE8C}
	EndGlobalSection
	GlobalSection(ExtensibilityGlobals) = postSolution
		SolutionGuid = {DC32F906-1354-428B-BD36-FC718248DAFB}
	EndGlobalSection
EndGlobal
